
Microsoft Visual Studio Solution File, Format Version 12.00
# Visual Studio Version 16
VisualStudioVersion = 16.0.29613.14
MinimumVisualStudioVersion = 10.0.40219.1
Project("{FAE04EC0-301F-11D3-BF4B-00C04F79EFBC}") = "FastPoisson", "FastPoisson\FastPoisson.csproj", "{74C1A5ED-953E-4773-A783-16BA9ED67924}"
EndProject
Global
	GlobalSection(SolutionConfigurationPlatforms) = preSolution
		Debug|Any CPU = Debug|Any CPU
		Release|Any CPU = Release|Any CPU
	EndGlobalSection
	GlobalSection(ProjectConfigurationPlatforms) = postSolution
		{74C1A5ED-953E-4773-A783-16BA9ED67924}.Debug|Any CPU.ActiveCfg = Debug|Any CPU
		{74C1A5ED-953E-4773-A783-16BA9ED67924}.Debug|Any CPU.Build.0 = Debug|Any CPU
		{74C1A5ED-953E-4773-A783-16BA9ED67924}.Release|Any CPU.ActiveCfg = Release|Any CPU
		{74C1A5ED-953E-4773-A783-16BA9ED67924}.Release|Any CPU.Build.0 = Release|Any CPU
	EndGlobalSection
	GlobalSection(SolutionProperties) = preSolution
		HideSolutionNode = FALSE
	EndGlobalSection
	GlobalSection(ExtensibilityGlobals) = postSolution
		SolutionGuid = {FFA95516-83DB-476B-8942-A1FF420F892B}
	EndGlobalSection
EndGlobal
